// !$*UTF8*$!
{
	archiveVersion = 1;
	classes = {
	};
	objectVersion = 56;
	objects = {

/* Begin PBXBuildFile section */
		AA000001000000000000001A /* iOSCleanupApp.swift in Sources */ = {isa = PBXBuildFile; fileRef = AA000001000000000000001B /* iOSCleanupApp.swift */; };
		AA000001000000000000002A /* ContentView.swift in Sources */ = {isa = PBXBuildFile; fileRef = AA000001000000000000002B /* ContentView.swift */; };
		AA000001000000000000003A /* PhotoGroup.swift in Sources */ = {isa = PBXBuildFile; fileRef = AA000001000000000000003B /* PhotoGroup.swift */; };
		AA000001000000000000005A /* LargeFile.swift in Sources */ = {isa = PBXBuildFile; fileRef = AA000001000000000000005B /* LargeFile.swift */; };
		AA000001000000000000008A /* PhotoScanEngine.swift in Sources */ = {isa = PBXBuildFile; fileRef = AA000001000000000000008B /* PhotoScanEngine.swift */; };
		AA00000100000000000000AA /* FileScanEngine.swift in Sources */ = {isa = PBXBuildFile; fileRef = AA00000100000000000000AB /* FileScanEngine.swift */; };
		AA00000100000000000000BA /* Photos.framework in Frameworks */ = {isa = PBXBuildFile; fileRef = AA00000100000000000000BB /* Photos.framework */; };
		AA00000100000000000000DA /* Vision.framework in Frameworks */ = {isa = PBXBuildFile; fileRef = AA00000100000000000000DB /* Vision.framework */; };
		AA00000100000000000000EA /* PhotoScanEngineTests.swift in Sources */ = {isa = PBXBuildFile; fileRef = AA00000100000000000000EB /* PhotoScanEngineTests.swift */; };
		AA0000010000000000000100 /* FileScanEngineTests.swift in Sources */ = {isa = PBXBuildFile; fileRef = AA0000010000000000000101 /* FileScanEngineTests.swift */; };
		AA000002000000000000001A /* PurchaseManager.swift in Sources */ = {isa = PBXBuildFile; fileRef = AA000002000000000000001B /* PurchaseManager.swift */; };
		AA000002000000000000002A /* iOSCleanup.storekit in Resources */ = {isa = PBXBuildFile; fileRef = AA000002000000000000002B /* iOSCleanup.storekit */; };
		AA000003000000000000001A /* OnboardingView.swift in Sources */ = {isa = PBXBuildFile; fileRef = AA000003000000000000001B /* OnboardingView.swift */; };
		AA000004000000000000001A /* HomeView.swift in Sources */ = {isa = PBXBuildFile; fileRef = AA000004000000000000001B /* HomeView.swift */; };
		AA000004000000000000002A /* HomeViewModel.swift in Sources */ = {isa = PBXBuildFile; fileRef = AA000004000000000000002B /* HomeViewModel.swift */; };
		AA000005000000000000001A /* PaywallView.swift in Sources */ = {isa = PBXBuildFile; fileRef = AA000005000000000000001B /* PaywallView.swift */; };
		AA000006000000000000001A /* PhotoResultsView.swift in Sources */ = {isa = PBXBuildFile; fileRef = AA000006000000000000001B /* PhotoResultsView.swift */; };
		AA000006000000000000002A /* PhotoGroupDetailView.swift in Sources */ = {isa = PBXBuildFile; fileRef = AA000006000000000000002B /* PhotoGroupDetailView.swift */; };
		AA000008000000000000001A /* BlurResultsView.swift in Sources */ = {isa = PBXBuildFile; fileRef = AA000008000000000000001B /* BlurResultsView.swift */; };
		AA000009000000000000001A /* VideoCompressionEngine.swift in Sources */ = {isa = PBXBuildFile; fileRef = AA000009000000000000001B /* VideoCompressionEngine.swift */; };
		AA000009000000000000002A /* VideoCompressionEngineTests.swift in Sources */ = {isa = PBXBuildFile; fileRef = AA000009000000000000002B /* VideoCompressionEngineTests.swift */; };
		AA00000A000000000000001A /* FileResultsView.swift in Sources */ = {isa = PBXBuildFile; fileRef = AA00000A000000000000001B /* FileResultsView.swift */; };
		AA00000A000000000000002A /* VideoCompressionView.swift in Sources */ = {isa = PBXBuildFile; fileRef = AA00000A000000000000002B /* VideoCompressionView.swift */; };
		AA00000B000000000000001A /* EmptyStateView.swift in Sources */ = {isa = PBXBuildFile; fileRef = AA00000B000000000000001B /* EmptyStateView.swift */; };
		AA00000C000000000000001A /* Font+PhotoDuck.swift in Sources */ = {isa = PBXBuildFile; fileRef = AA00000C000000000000001B /* Font+PhotoDuck.swift */; };
		AA00000C000000000000003A /* DuckComponents.swift in Sources */ = {isa = PBXBuildFile; fileRef = AA00000C000000000000003B /* DuckComponents.swift */; };
		AA00000D000000000000001A /* FredokaOne-Regular.ttf in Resources */ = {isa = PBXBuildFile; fileRef = AA00000D000000000000001B /* FredokaOne-Regular.ttf */; };
		AA00000D000000000000002A /* Nunito-Regular.ttf in Resources */ = {isa = PBXBuildFile; fileRef = AA00000D000000000000002B /* Nunito-Regular.ttf */; };
		AA00000D000000000000003A /* Nunito-SemiBold.ttf in Resources */ = {isa = PBXBuildFile; fileRef = AA00000D000000000000003B /* Nunito-SemiBold.ttf */; };
		AA00000D000000000000004A /* Nunito-Bold.ttf in Resources */ = {isa = PBXBuildFile; fileRef = AA00000D000000000000004B /* Nunito-Bold.ttf */; };
		AA00000D000000000000005A /* Assets.xcassets in Resources */ = {isa = PBXBuildFile; fileRef = AA00000D000000000000005B /* Assets.xcassets */; };
		AA00000E000000000000001A /* DuplicateHashEngine.swift in Sources */ = {isa = PBXBuildFile; fileRef = AA00000E000000000000001B /* DuplicateHashEngine.swift */; };
		AA00000E000000000000002A /* SimilarityEngine.swift in Sources */ = {isa = PBXBuildFile; fileRef = AA00000E000000000000002B /* SimilarityEngine.swift */; };
		AA00000E000000000000003A /* BlurScanEngine.swift in Sources */ = {isa = PBXBuildFile; fileRef = AA00000E000000000000003B /* BlurScanEngine.swift */; };
		AA00000F000000000000001A /* ImageLoader.swift in Sources */ = {isa = PBXBuildFile; fileRef = AA00000F000000000000001B /* ImageLoader.swift */; };
		AA00000F000000000000002A /* ThreadSafeCounter.swift in Sources */ = {isa = PBXBuildFile; fileRef = AA00000F000000000000002B /* ThreadSafeCounter.swift */; };
		AA00000F000000000000003A /* ProgressThrottle.swift in Sources */ = {isa = PBXBuildFile; fileRef = AA00000F000000000000003B /* ProgressThrottle.swift */; };
		AA01TAG0000000000000001A /* ScreenshotTagEngine.swift in Sources */ = {isa = PBXBuildFile; fileRef = AA01TAG0000000000000001B /* ScreenshotTagEngine.swift */; };
		AA02TSS000000000000001A /* TrashSummarySheet.swift in Sources */ = {isa = PBXBuildFile; fileRef = AA02TSS000000000000001B /* TrashSummarySheet.swift */; };
		AB01SMRT000000000000001A /* SmartPicksResultsView.swift in Sources */ = {isa = PBXBuildFile; fileRef = AB01SMRT000000000000001B /* SmartPicksResultsView.swift */; };
		AC0100000000000000001A /* BackgroundScanScheduler.swift in Sources */ = {isa = PBXBuildFile; fileRef = AC0100000000000000001B /* BackgroundScanScheduler.swift */; };
		AC0200000000000000001A /* BackgroundScanCacheWriter.swift in Sources */ = {isa = PBXBuildFile; fileRef = AC0200000000000000001B /* BackgroundScanCacheWriter.swift */; };
		MLUPD000000000000001A /* MLModelUpdater.swift in Sources */ = {isa = PBXBuildFile; fileRef = MLUPD000000000000001B /* MLModelUpdater.swift */; };
		BBCONFIG00000000000000001A /* AppConfig.swift in Sources */ = {isa = PBXBuildFile; fileRef = BBCONFIG00000000000000001B /* AppConfig.swift */; };
		BBSCREEN000000000000001A /* ScreenshotScanEngine.swift in Sources */ = {isa = PBXBuildFile; fileRef = BBSCREEN000000000000001B /* ScreenshotScanEngine.swift */; };
		BBSCREEN000000000000002A /* ScreenshotsResultsView.swift in Sources */ = {isa = PBXBuildFile; fileRef = BBSCREEN000000000000002B /* ScreenshotsResultsView.swift */; };
		BBSWIPE000000000000001A /* ScreenshotSwipeView.swift in Sources */ = {isa = PBXBuildFile; fileRef = BBSWIPE000000000000001B /* ScreenshotSwipeView.swift */; };
		CC00001000000000000000AA /* RecentlyDeletedView.swift in Sources */ = {isa = PBXBuildFile; fileRef = CC00001000000000000000AB /* RecentlyDeletedView.swift */; };
		CCLPE0000000000000001A /* LargePhotoScanEngine.swift in Sources */ = {isa = PBXBuildFile; fileRef = CCLPE0000000000000001B /* LargePhotoScanEngine.swift */; };
		CCLPI0000000000000001A /* LargePhotoItem.swift in Sources */ = {isa = PBXBuildFile; fileRef = CCLPI0000000000000001B /* LargePhotoItem.swift */; };
		CCLPV0000000000000001A /* LargePhotosResultsView.swift in Sources */ = {isa = PBXBuildFile; fileRef = CCLPV0000000000000001B /* LargePhotosResultsView.swift */; };
		CCSET0000000000000001A /* SettingsView.swift in Sources */ = {isa = PBXBuildFile; fileRef = CCSET0000000000000001B /* SettingsView.swift */; };
		CTENG0000000000000001A /* ContactScanEngine.swift in Sources */ = {isa = PBXBuildFile; fileRef = CTENG0000000000000001B /* ContactScanEngine.swift */; };
		CTMPV0000000000000001A /* ContactMergePreviewView.swift in Sources */ = {isa = PBXBuildFile; fileRef = CTMPV0000000000000001B /* ContactMergePreviewView.swift */; };
		CTMTC0000000000000001A /* ContactMatch.swift in Sources */ = {isa = PBXBuildFile; fileRef = CTMTC0000000000000001B /* ContactMatch.swift */; };
		CTNMM0000000000000001A /* NameMatcher.swift in Sources */ = {isa = PBXBuildFile; fileRef = CTNMM0000000000000001B /* NameMatcher.swift */; };
		CTPHN0000000000000001A /* PhoneNormalizer.swift in Sources */ = {isa = PBXBuildFile; fileRef = CTPHN0000000000000001B /* PhoneNormalizer.swift */; };
		CTRSV0000000000000001A /* ContactResultsView.swift in Sources */ = {isa = PBXBuildFile; fileRef = CTRSV0000000000000001B /* ContactResultsView.swift */; };
		GRVIEW0000000000000001A /* GroupReviewView.swift in Sources */ = {isa = PBXBuildFile; fileRef = GRVIEW0000000000000001B /* GroupReviewView.swift */; };
		GRVIEW0000000000000002A /* GroupReviewViewModel.swift in Sources */ = {isa = PBXBuildFile; fileRef = GRVIEW0000000000000002B /* GroupReviewViewModel.swift */; };
		METARV000000000000001A /* MetadataResultsView.swift in Sources */ = {isa = PBXBuildFile; fileRef = METARV000000000000001B /* MetadataResultsView.swift */; };
		PQANAL000000000000001A /* PhotoQualityAnalyzer.swift in Sources */ = {isa = PBXBuildFile; fileRef = PQANAL000000000000001B /* PhotoQualityAnalyzer.swift */; };
		SEMENG000000000000001A /* SemanticScanEngine.swift in Sources */ = {isa = PBXBuildFile; fileRef = SEMENG000000000000001B /* SemanticScanEngine.swift */; };
		SEMGRP000000000000001A /* SemanticGroup.swift in Sources */ = {isa = PBXBuildFile; fileRef = SEMGRP000000000000001B /* SemanticGroup.swift */; };
		SEMRSV000000000000001A /* SemanticResultsView.swift in Sources */ = {isa = PBXBuildFile; fileRef = SEMRSV000000000000001B /* SemanticResultsView.swift */; };
		USRDCS000000000000001A /* UserDecisionStore.swift in Sources */ = {isa = PBXBuildFile; fileRef = USRDCS000000000000001B /* UserDecisionStore.swift */; };
		VIDENG000000000000001A /* VideoDuplicateEngine.swift in Sources */ = {isa = PBXBuildFile; fileRef = VIDENG000000000000001B /* VideoDuplicateEngine.swift */; };
		VIDGRP000000000000001A /* VideoGroup.swift in Sources */ = {isa = PBXBuildFile; fileRef = VIDGRP000000000000001B /* VideoGroup.swift */; };
		VIDGRV000000000000001A /* VideoGroupResultsView.swift in Sources */ = {isa = PBXBuildFile; fileRef = VIDGRV000000000000001B /* VideoGroupResultsView.swift */; };
		EVENG0000000000000001A /* EventRollScanEngine.swift in Sources */ = {isa = PBXBuildFile; fileRef = EVENG0000000000000001B /* EventRollScanEngine.swift */; };
		EVROLL000000000000001A /* EventRoll.swift in Sources */ = {isa = PBXBuildFile; fileRef = EVROLL000000000000001B /* EventRoll.swift */; };
		EVRSV0000000000000001A /* EventRollResultsView.swift in Sources */ = {isa = PBXBuildFile; fileRef = EVRSV0000000000000001B /* EventRollResultsView.swift */; };
/* End PBXBuildFile section */

/* Begin PBXContainerItemProxy section */
		AA0000010000000000000B02 /* PBXContainerItemProxy */ = {
			isa = PBXContainerItemProxy;
			containerPortal = AA0000010000000000000C01 /* Project object */;
			proxyType = 1;
			remoteGlobalIDString = AA0000010000000000000701;
			remoteInfo = iOSCleanup;
		};
/* End PBXContainerItemProxy section */

/* Begin PBXFileReference section */
		AA000001000000000000001B /* iOSCleanupApp.swift */ = {isa = PBXFileReference; lastKnownFileType = sourcecode.swift; path = iOSCleanupApp.swift; sourceTree = "<group>"; };
		AA000001000000000000002B /* ContentView.swift */ = {isa = PBXFileReference; lastKnownFileType = sourcecode.swift; path = ContentView.swift; sourceTree = "<group>"; };
		AA000001000000000000003B /* PhotoGroup.swift */ = {isa = PBXFileReference; lastKnownFileType = sourcecode.swift; path = PhotoGroup.swift; sourceTree = "<group>"; };
		AA000001000000000000005B /* LargeFile.swift */ = {isa = PBXFileReference; lastKnownFileType = sourcecode.swift; path = LargeFile.swift; sourceTree = "<group>"; };
		AA000001000000000000008B /* PhotoScanEngine.swift */ = {isa = PBXFileReference; lastKnownFileType = sourcecode.swift; path = PhotoScanEngine.swift; sourceTree = "<group>"; };
		AA00000100000000000000AB /* FileScanEngine.swift */ = {isa = PBXFileReference; lastKnownFileType = sourcecode.swift; path = FileScanEngine.swift; sourceTree = "<group>"; };
		AA00000100000000000000BB /* Photos.framework */ = {isa = PBXFileReference; lastKnownFileType = wrapper.framework; name = Photos.framework; path = System/Library/Frameworks/Photos.framework; sourceTree = SDKROOT; };
		AA00000100000000000000DB /* Vision.framework */ = {isa = PBXFileReference; lastKnownFileType = wrapper.framework; name = Vision.framework; path = System/Library/Frameworks/Vision.framework; sourceTree = SDKROOT; };
		AA00000100000000000000EB /* PhotoScanEngineTests.swift */ = {isa = PBXFileReference; lastKnownFileType = sourcecode.swift; path = PhotoScanEngineTests.swift; sourceTree = "<group>"; };
		AA0000010000000000000101 /* FileScanEngineTests.swift */ = {isa = PBXFileReference; lastKnownFileType = sourcecode.swift; path = FileScanEngineTests.swift; sourceTree = "<group>"; };
		AA0000010000000000000201 /* iOSCleanup.app */ = {isa = PBXFileReference; explicitFileType = wrapper.application; includeInIndex = 0; path = iOSCleanup.app; sourceTree = BUILT_PRODUCTS_DIR; };
		AA0000010000000000000301 /* iOSCleanupTests.xctest */ = {isa = PBXFileReference; explicitFileType = wrapper.cfbundle; includeInIndex = 0; path = iOSCleanupTests.xctest; sourceTree = BUILT_PRODUCTS_DIR; };
		AA0000010000000000000401 /* Info.plist */ = {isa = PBXFileReference; lastKnownFileType = text.plist.xml; path = Info.plist; sourceTree = "<group>"; };
		AA000002000000000000001B /* PurchaseManager.swift */ = {isa = PBXFileReference; lastKnownFileType = sourcecode.swift; path = PurchaseManager.swift; sourceTree = "<group>"; };
		AA000002000000000000002B /* iOSCleanup.storekit */ = {isa = PBXFileReference; lastKnownFileType = text; path = iOSCleanup.storekit; sourceTree = "<group>"; };
		AA000003000000000000001B /* OnboardingView.swift */ = {isa = PBXFileReference; lastKnownFileType = sourcecode.swift; path = OnboardingView.swift; sourceTree = "<group>"; };
		AA000004000000000000001B /* HomeView.swift */ = {isa = PBXFileReference; lastKnownFileType = sourcecode.swift; path = HomeView.swift; sourceTree = "<group>"; };
		AA000004000000000000002B /* HomeViewModel.swift */ = {isa = PBXFileReference; lastKnownFileType = sourcecode.swift; path = HomeViewModel.swift; sourceTree = "<group>"; };
		AA000005000000000000001B /* PaywallView.swift */ = {isa = PBXFileReference; lastKnownFileType = sourcecode.swift; path = PaywallView.swift; sourceTree = "<group>"; };
		AA000006000000000000001B /* PhotoResultsView.swift */ = {isa = PBXFileReference; lastKnownFileType = sourcecode.swift; path = PhotoResultsView.swift; sourceTree = "<group>"; };
		AA000006000000000000002B /* PhotoGroupDetailView.swift */ = {isa = PBXFileReference; lastKnownFileType = sourcecode.swift; path = PhotoGroupDetailView.swift; sourceTree = "<group>"; };
		AA000008000000000000001B /* BlurResultsView.swift */ = {isa = PBXFileReference; lastKnownFileType = sourcecode.swift; path = BlurResultsView.swift; sourceTree = "<group>"; };
		AA000009000000000000001B /* VideoCompressionEngine.swift */ = {isa = PBXFileReference; lastKnownFileType = sourcecode.swift; path = VideoCompressionEngine.swift; sourceTree = "<group>"; };
		AA000009000000000000002B /* VideoCompressionEngineTests.swift */ = {isa = PBXFileReference; lastKnownFileType = sourcecode.swift; path = VideoCompressionEngineTests.swift; sourceTree = "<group>"; };
		AA00000A000000000000001B /* FileResultsView.swift */ = {isa = PBXFileReference; lastKnownFileType = sourcecode.swift; path = FileResultsView.swift; sourceTree = "<group>"; };
		AA00000A000000000000002B /* VideoCompressionView.swift */ = {isa = PBXFileReference; lastKnownFileType = sourcecode.swift; path = VideoCompressionView.swift; sourceTree = "<group>"; };
		AA00000B000000000000001B /* EmptyStateView.swift */ = {isa = PBXFileReference; lastKnownFileType = sourcecode.swift; path = EmptyStateView.swift; sourceTree = "<group>"; };
		AA00000C000000000000001B /* Font+PhotoDuck.swift */ = {isa = PBXFileReference; lastKnownFileType = sourcecode.swift; path = "Font+PhotoDuck.swift"; sourceTree = "<group>"; };
		AA00000C000000000000003B /* DuckComponents.swift */ = {isa = PBXFileReference; lastKnownFileType = sourcecode.swift; path = DuckComponents.swift; sourceTree = "<group>"; };
		AA00000D000000000000001B /* FredokaOne-Regular.ttf */ = {isa = PBXFileReference; lastKnownFileType = text; path = "FredokaOne-Regular.ttf"; sourceTree = "<group>"; };
		AA00000D000000000000002B /* Nunito-Regular.ttf */ = {isa = PBXFileReference; lastKnownFileType = file; path = "Nunito-Regular.ttf"; sourceTree = "<group>"; };
		AA00000D000000000000003B /* Nunito-SemiBold.ttf */ = {isa = PBXFileReference; lastKnownFileType = text; path = "Nunito-SemiBold.ttf"; sourceTree = "<group>"; };
		AA00000D000000000000004B /* Nunito-Bold.ttf */ = {isa = PBXFileReference; lastKnownFileType = text; path = "Nunito-Bold.ttf"; sourceTree = "<group>"; };
		AA00000D000000000000005B /* Assets.xcassets */ = {isa = PBXFileReference; lastKnownFileType = folder.assetcatalog; path = Assets.xcassets; sourceTree = "<group>"; };
		AA00000E000000000000001B /* DuplicateHashEngine.swift */ = {isa = PBXFileReference; lastKnownFileType = sourcecode.swift; path = DuplicateHashEngine.swift; sourceTree = "<group>"; };
		AA00000E000000000000002B /* SimilarityEngine.swift */ = {isa = PBXFileReference; lastKnownFileType = sourcecode.swift; path = SimilarityEngine.swift; sourceTree = "<group>"; };
		AA00000E000000000000003B /* BlurScanEngine.swift */ = {isa = PBXFileReference; lastKnownFileType = sourcecode.swift; path = BlurScanEngine.swift; sourceTree = "<group>"; };
		AA00000F000000000000001B /* ImageLoader.swift */ = {isa = PBXFileReference; lastKnownFileType = sourcecode.swift; path = ImageLoader.swift; sourceTree = "<group>"; };
		AA00000F000000000000002B /* ThreadSafeCounter.swift */ = {isa = PBXFileReference; lastKnownFileType = sourcecode.swift; path = ThreadSafeCounter.swift; sourceTree = "<group>"; };
		AA00000F000000000000003B /* ProgressThrottle.swift */ = {isa = PBXFileReference; lastKnownFileType = sourcecode.swift; path = ProgressThrottle.swift; sourceTree = "<group>"; };
		AA01TAG0000000000000001B /* ScreenshotTagEngine.swift */ = {isa = PBXFileReference; lastKnownFileType = sourcecode.swift; path = ScreenshotTagEngine.swift; sourceTree = "<group>"; };
		AA02TSS000000000000001B /* TrashSummarySheet.swift */ = {isa = PBXFileReference; lastKnownFileType = sourcecode.swift; path = TrashSummarySheet.swift; sourceTree = "<group>"; };
		AB01SMRT000000000000001B /* SmartPicksResultsView.swift */ = {isa = PBXFileReference; lastKnownFileType = sourcecode.swift; path = SmartPicksResultsView.swift; sourceTree = "<group>"; };
		AC0100000000000000001B /* BackgroundScanScheduler.swift */ = {isa = PBXFileReference; lastKnownFileType = sourcecode.swift; path = BackgroundScanScheduler.swift; sourceTree = "<group>"; };
		AC0200000000000000001B /* BackgroundScanCacheWriter.swift */ = {isa = PBXFileReference; lastKnownFileType = sourcecode.swift; path = BackgroundScanCacheWriter.swift; sourceTree = "<group>"; };
		MLUPD000000000000001B /* MLModelUpdater.swift */ = {isa = PBXFileReference; lastKnownFileType = sourcecode.swift; path = MLModelUpdater.swift; sourceTree = "<group>"; };
		BBCONFIG00000000000000001B /* AppConfig.swift */ = {isa = PBXFileReference; lastKnownFileType = sourcecode.swift; path = AppConfig.swift; sourceTree = "<group>"; };
		BBSCREEN000000000000001B /* ScreenshotScanEngine.swift */ = {isa = PBXFileReference; lastKnownFileType = sourcecode.swift; path = ScreenshotScanEngine.swift; sourceTree = "<group>"; };
		BBSCREEN000000000000002B /* ScreenshotsResultsView.swift */ = {isa = PBXFileReference; lastKnownFileType = sourcecode.swift; path = ScreenshotsResultsView.swift; sourceTree = "<group>"; };
		BBSWIPE000000000000001B /* ScreenshotSwipeView.swift */ = {isa = PBXFileReference; lastKnownFileType = sourcecode.swift; path = ScreenshotSwipeView.swift; sourceTree = "<group>"; };
		CC00001000000000000000AB /* RecentlyDeletedView.swift */ = {isa = PBXFileReference; lastKnownFileType = sourcecode.swift; path = RecentlyDeletedView.swift; sourceTree = "<group>"; };
		CCLPE0000000000000001B /* LargePhotoScanEngine.swift */ = {isa = PBXFileReference; lastKnownFileType = sourcecode.swift; path = LargePhotoScanEngine.swift; sourceTree = "<group>"; };
		CCLPI0000000000000001B /* LargePhotoItem.swift */ = {isa = PBXFileReference; lastKnownFileType = sourcecode.swift; path = LargePhotoItem.swift; sourceTree = "<group>"; };
		CCLPV0000000000000001B /* LargePhotosResultsView.swift */ = {isa = PBXFileReference; lastKnownFileType = sourcecode.swift; path = LargePhotosResultsView.swift; sourceTree = "<group>"; };
		CCSET0000000000000001B /* SettingsView.swift */ = {isa = PBXFileReference; lastKnownFileType = sourcecode.swift; path = SettingsView.swift; sourceTree = "<group>"; };
		CTENG0000000000000001B /* ContactScanEngine.swift */ = {isa = PBXFileReference; lastKnownFileType = sourcecode.swift; path = ContactScanEngine.swift; sourceTree = "<group>"; };
		CTMPV0000000000000001B /* ContactMergePreviewView.swift */ = {isa = PBXFileReference; lastKnownFileType = sourcecode.swift; path = ContactMergePreviewView.swift; sourceTree = "<group>"; };
		CTMTC0000000000000001B /* ContactMatch.swift */ = {isa = PBXFileReference; lastKnownFileType = sourcecode.swift; path = ContactMatch.swift; sourceTree = "<group>"; };
		CTNMM0000000000000001B /* NameMatcher.swift */ = {isa = PBXFileReference; lastKnownFileType = sourcecode.swift; path = NameMatcher.swift; sourceTree = "<group>"; };
		CTPHN0000000000000001B /* PhoneNormalizer.swift */ = {isa = PBXFileReference; lastKnownFileType = sourcecode.swift; path = PhoneNormalizer.swift; sourceTree = "<group>"; };
		CTRSV0000000000000001B /* ContactResultsView.swift */ = {isa = PBXFileReference; lastKnownFileType = sourcecode.swift; path = ContactResultsView.swift; sourceTree = "<group>"; };
		EVENG0000000000000001B /* EventRollScanEngine.swift */ = {isa = PBXFileReference; lastKnownFileType = sourcecode.swift; path = EventRollScanEngine.swift; sourceTree = "<group>"; };
		EVROLL000000000000001B /* EventRoll.swift */ = {isa = PBXFileReference; lastKnownFileType = sourcecode.swift; path = EventRoll.swift; sourceTree = "<group>"; };
		EVRSV0000000000000001B /* EventRollResultsView.swift */ = {isa = PBXFileReference; lastKnownFileType = sourcecode.swift; path = EventRollResultsView.swift; sourceTree = "<group>"; };
		GRVIEW0000000000000001B /* GroupReviewView.swift */ = {isa = PBXFileReference; lastKnownFileType = sourcecode.swift; path = GroupReviewView.swift; sourceTree = "<group>"; };
		GRVIEW0000000000000002B /* GroupReviewViewModel.swift */ = {isa = PBXFileReference; lastKnownFileType = sourcecode.swift; path = GroupReviewViewModel.swift; sourceTree = "<group>"; };
		METARV000000000000001B /* MetadataResultsView.swift */ = {isa = PBXFileReference; lastKnownFileType = sourcecode.swift; path = MetadataResultsView.swift; sourceTree = "<group>"; };
		PQANAL000000000000001B /* PhotoQualityAnalyzer.swift */ = {isa = PBXFileReference; lastKnownFileType = sourcecode.swift; path = PhotoQualityAnalyzer.swift; sourceTree = "<group>"; };
		SEMENG000000000000001B /* SemanticScanEngine.swift */ = {isa = PBXFileReference; lastKnownFileType = sourcecode.swift; path = SemanticScanEngine.swift; sourceTree = "<group>"; };
		SEMGRP000000000000001B /* SemanticGroup.swift */ = {isa = PBXFileReference; lastKnownFileType = sourcecode.swift; path = SemanticGroup.swift; sourceTree = "<group>"; };
		SEMRSV000000000000001B /* SemanticResultsView.swift */ = {isa = PBXFileReference; lastKnownFileType = sourcecode.swift; path = SemanticResultsView.swift; sourceTree = "<group>"; };
		USRDCS000000000000001B /* UserDecisionStore.swift */ = {isa = PBXFileReference; lastKnownFileType = sourcecode.swift; path = UserDecisionStore.swift; sourceTree = "<group>"; };
		VIDENG000000000000001B /* VideoDuplicateEngine.swift */ = {isa = PBXFileReference; lastKnownFileType = sourcecode.swift; path = VideoDuplicateEngine.swift; sourceTree = "<group>"; };
		VIDGRP000000000000001B /* VideoGroup.swift */ = {isa = PBXFileReference; lastKnownFileType = sourcecode.swift; path = VideoGroup.swift; sourceTree = "<group>"; };
		VIDGRV000000000000001B /* VideoGroupResultsView.swift */ = {isa = PBXFileReference; lastKnownFileType = sourcecode.swift; path = VideoGroupResultsView.swift; sourceTree = "<group>"; };
/* End PBXFileReference section */

/* Begin PBXFrameworksBuildPhase section */
		AA0000010000000000000501 /* Frameworks */ = {
			isa = PBXFrameworksBuildPhase;
			buildActionMask = 2147483647;
			files = (
				AA00000100000000000000BA /* Photos.framework in Frameworks */,
				AA00000100000000000000DA /* Vision.framework in Frameworks */,
			);
			runOnlyForDeploymentPostprocessing = 0;
		};
		AA0000010000000000000502 /* Frameworks */ = {
			isa = PBXFrameworksBuildPhase;
			buildActionMask = 2147483647;
			files = (
			);
			runOnlyForDeploymentPostprocessing = 0;
		};
/* End PBXFrameworksBuildPhase section */

/* Begin PBXGroup section */
		AA0000010000000000000601 /* iOSCleanup */ = {
			isa = PBXGroup;
			children = (
				AA000001000000000000001B /* iOSCleanupApp.swift */,
				AA000001000000000000002B /* ContentView.swift */,
				AA0000010000000000000401 /* Info.plist */,
				AA00000D000000000000005B /* Assets.xcassets */,
				AA0000010000000000000604 /* Engines */,
				AA0000010000000000000605 /* Models */,
				AA0000010000000000000606 /* Utilities */,
				AA00000D000000000000006A /* Fonts */,
				AA000002000000000000003A /* Store */,
				AA000002000000000000004A /* Configuration */,
				AA000003000000000000002A /* Views */,
			);
			path = iOSCleanup;
			sourceTree = "<group>";
		};
		AA0000010000000000000602 /* iOSCleanupTests */ = {
			isa = PBXGroup;
			children = (
				AA00000100000000000000EB /* PhotoScanEngineTests.swift */,
				AA0000010000000000000101 /* FileScanEngineTests.swift */,
				AA000009000000000000002B /* VideoCompressionEngineTests.swift */,
			);
			path = iOSCleanupTests;
			sourceTree = "<group>";
		};
		AA0000010000000000000603 /* Products */ = {
			isa = PBXGroup;
			children = (
				AA0000010000000000000201 /* iOSCleanup.app */,
				AA0000010000000000000301 /* iOSCleanupTests.xctest */,
			);
			name = Products;
			sourceTree = "<group>";
		};
		AA0000010000000000000604 /* Engines */ = {
			isa = PBXGroup;
			children = (
				AA000001000000000000008B /* PhotoScanEngine.swift */,
				AA00000100000000000000AB /* FileScanEngine.swift */,
				AA000009000000000000001B /* VideoCompressionEngine.swift */,
				AA00000E000000000000001B /* DuplicateHashEngine.swift */,
				AA00000E000000000000002B /* SimilarityEngine.swift */,
				AA00000E000000000000003B /* BlurScanEngine.swift */,
				AA01TAG0000000000000001B /* ScreenshotTagEngine.swift */,
				BBSCREEN000000000000001B /* ScreenshotScanEngine.swift */,
				CCLPE0000000000000001B /* LargePhotoScanEngine.swift */,
				SEMENG000000000000001B /* SemanticScanEngine.swift */,
				VIDENG000000000000001B /* VideoDuplicateEngine.swift */,
				EVENG0000000000000001B /* EventRollScanEngine.swift */,
				AC0100000000000000001B /* BackgroundScanScheduler.swift */,
				AC0200000000000000001B /* BackgroundScanCacheWriter.swift */,
				MLUPD000000000000001B /* MLModelUpdater.swift */,
				CTENG0000000000000001B /* ContactScanEngine.swift */,
			);
			path = Engines;
			sourceTree = "<group>";
		};
		AA0000010000000000000605 /* Models */ = {
			isa = PBXGroup;
			children = (
				AA000001000000000000003B /* PhotoGroup.swift */,
				AA000001000000000000005B /* LargeFile.swift */,
				CCLPI0000000000000001B /* LargePhotoItem.swift */,
				SEMGRP000000000000001B /* SemanticGroup.swift */,
				VIDGRP000000000000001B /* VideoGroup.swift */,
				EVROLL000000000000001B /* EventRoll.swift */,
				CTMTC0000000000000001B /* ContactMatch.swift */,
			);
			path = Models;
			sourceTree = "<group>";
		};
		AA0000010000000000000606 /* Utilities */ = {
			isa = PBXGroup;
			children = (
				AA00000C000000000000001B /* Font+PhotoDuck.swift */,
				AA00000F000000000000001B /* ImageLoader.swift */,
				AA00000F000000000000002B /* ThreadSafeCounter.swift */,
				AA00000F000000000000003B /* ProgressThrottle.swift */,
				PQANAL000000000000001B /* PhotoQualityAnalyzer.swift */,
				CTNMM0000000000000001B /* NameMatcher.swift */,
				CTPHN0000000000000001B /* PhoneNormalizer.swift */,
			);
			path = Utilities;
			sourceTree = "<group>";
		};
		AA0000010000000000000607 /* Frameworks */ = {
			isa = PBXGroup;
			children = (
				AA00000100000000000000BB /* Photos.framework */,
				AA00000100000000000000DB /* Vision.framework */,
			);
			name = Frameworks;
			sourceTree = "<group>";
		};
		AA0000010000000000000608 = {
			isa = PBXGroup;
			children = (
				AA0000010000000000000601 /* iOSCleanup */,
				AA0000010000000000000602 /* iOSCleanupTests */,
				AA0000010000000000000603 /* Products */,
				AA0000010000000000000607 /* Frameworks */,
			);
			sourceTree = "<group>";
		};
		AA000002000000000000003A /* Store */ = {
			isa = PBXGroup;
			children = (
				AA000002000000000000001B /* PurchaseManager.swift */,
				USRDCS000000000000001B /* UserDecisionStore.swift */,
			);
			path = Store;
			sourceTree = "<group>";
		};
		AA000002000000000000004A /* Configuration */ = {
			isa = PBXGroup;
			children = (
				AA000002000000000000002B /* iOSCleanup.storekit */,
				BBCONFIG00000000000000001B /* AppConfig.swift */,
			);
			path = Configuration;
			sourceTree = "<group>";
		};
		AA000003000000000000002A /* Views */ = {
			isa = PBXGroup;
			children = (
				AA000003000000000000001B /* OnboardingView.swift */,
				AA000004000000000000001B /* HomeView.swift */,
				AA000004000000000000002B /* HomeViewModel.swift */,
				AA000005000000000000001B /* PaywallView.swift */,
				CCSET0000000000000001B /* SettingsView.swift */,
				AA00000B000000000000001B /* EmptyStateView.swift */,
				AA00000C000000000000006A /* Components */,
				AA000006000000000000003A /* Photos */,
				AA00000A000000000000003A /* Files */,
				CTCNT0000000000000001A /* Contacts */,
			);
			path = Views;
			sourceTree = "<group>";
		};
		AA000006000000000000003A /* Photos */ = {
			isa = PBXGroup;
			children = (
				AA000006000000000000001B /* PhotoResultsView.swift */,
				AA000006000000000000002B /* PhotoGroupDetailView.swift */,
				GRVIEW0000000000000001B /* GroupReviewView.swift */,
				GRVIEW0000000000000002B /* GroupReviewViewModel.swift */,
				AA000008000000000000001B /* BlurResultsView.swift */,
				BBSCREEN000000000000002B /* ScreenshotsResultsView.swift */,
				CC00001000000000000000AB /* RecentlyDeletedView.swift */,
				CCLPV0000000000000001B /* LargePhotosResultsView.swift */,
				METARV000000000000001B /* MetadataResultsView.swift */,
				SEMRSV000000000000001B /* SemanticResultsView.swift */,
				VIDGRV000000000000001B /* VideoGroupResultsView.swift */,
				EVRSV0000000000000001B /* EventRollResultsView.swift */,
				AB01SMRT000000000000001B /* SmartPicksResultsView.swift */,
				BBSWIPE000000000000001B /* ScreenshotSwipeView.swift */,
			);
			path = Photos;
			sourceTree = "<group>";
		};
		AA00000A000000000000003A /* Files */ = {
			isa = PBXGroup;
			children = (
				AA00000A000000000000001B /* FileResultsView.swift */,
				AA00000A000000000000002B /* VideoCompressionView.swift */,
			);
			path = Files;
			sourceTree = "<group>";
		};
		AA00000C000000000000006A /* Components */ = {
			isa = PBXGroup;
			children = (
				AA00000C000000000000003B /* DuckComponents.swift */,
				AA02TSS000000000000001B /* TrashSummarySheet.swift */,
			);
			path = Components;
			sourceTree = "<group>";
		};
		AA00000D000000000000006A /* Fonts */ = {
			isa = PBXGroup;
			children = (
				AA00000D000000000000001B /* FredokaOne-Regular.ttf */,
				AA00000D000000000000002B /* Nunito-Regular.ttf */,
				AA00000D000000000000003B /* Nunito-SemiBold.ttf */,
				AA00000D000000000000004B /* Nunito-Bold.ttf */,
			);
			path = Fonts;
			sourceTree = "<group>";
		};
		CTCNT0000000000000001A /* Contacts */ = {
			isa = PBXGroup;
			children = (
				CTRSV0000000000000001B /* ContactResultsView.swift */,
				CTMPV0000000000000001B /* ContactMergePreviewView.swift */,
			);
			path = Contacts;
			sourceTree = "<group>";
		};
/* End PBXGroup section */

/* Begin PBXNativeTarget section */
		AA0000010000000000000701 /* iOSCleanup */ = {
			isa = PBXNativeTarget;
			buildConfigurationList = AA0000010000000000000801 /* Build configuration list for PBXNativeTarget "iOSCleanup" */;
			buildPhases = (
				AA0000010000000000000901 /* Sources */,
				AA0000010000000000000501 /* Frameworks */,
				AA0000010000000000000A01 /* Resources */,
			);
			buildRules = (
			);
			dependencies = (
			);
			name = iOSCleanup;
			productName = iOSCleanup;
			productReference = AA0000010000000000000201 /* iOSCleanup.app */;
			productType = "com.apple.product-type.application";
		};
		AA0000010000000000000702 /* iOSCleanupTests */ = {
			isa = PBXNativeTarget;
			buildConfigurationList = AA0000010000000000000802 /* Build configuration list for PBXNativeTarget "iOSCleanupTests" */;
			buildPhases = (
				AA0000010000000000000902 /* Sources */,
				AA0000010000000000000502 /* Frameworks */,
			);
			buildRules = (
			);
			dependencies = (
				AA0000010000000000000B01 /* PBXTargetDependency */,
			);
			name = iOSCleanupTests;
			productName = iOSCleanupTests;
			productReference = AA0000010000000000000301 /* iOSCleanupTests.xctest */;
			productType = "com.apple.product-type.bundle.unit-test";
		};
/* End PBXNativeTarget section */

/* Begin PBXProject section */
		AA0000010000000000000C01 /* Project object */ = {
			isa = PBXProject;
			attributes = {
				BuildIndependentTargetsInParallel = 1;
				LastSwiftUpdateCheck = 1500;
				LastUpgradeCheck = 1500;
				TargetAttributes = {
					AA0000010000000000000701 = {
						CreatedOnToolsVersion = 15.0;
					};
					AA0000010000000000000702 = {
						CreatedOnToolsVersion = 15.0;
						TestTargetID = AA0000010000000000000701;
					};
				};
			};
			buildConfigurationList = AA0000010000000000000803 /* Build configuration list for PBXProject "iOSCleanup" */;
			compatibilityVersion = "Xcode 14.0";
			developmentRegion = en;
			hasScannedForEncodings = 0;
			knownRegions = (
				en,
				Base,
			);
			mainGroup = AA0000010000000000000608;
			productRefGroup = AA0000010000000000000603 /* Products */;
			projectDirPath = "";
			projectRoot = "";
			targets = (
				AA0000010000000000000701 /* iOSCleanup */,
				AA0000010000000000000702 /* iOSCleanupTests */,
			);
		};
/* End PBXProject section */

/* Begin PBXResourcesBuildPhase section */
		AA0000010000000000000A01 /* Resources */ = {
			isa = PBXResourcesBuildPhase;
			buildActionMask = 2147483647;
			files = (
				AA000002000000000000002A /* iOSCleanup.storekit in Resources */,
				AA00000D000000000000001A /* FredokaOne-Regular.ttf in Resources */,
				AA00000D000000000000002A /* Nunito-Regular.ttf in Resources */,
				AA00000D000000000000003A /* Nunito-SemiBold.ttf in Resources */,
				AA00000D000000000000004A /* Nunito-Bold.ttf in Resources */,
				AA00000D000000000000005A /* Assets.xcassets in Resources */,
			);
			runOnlyForDeploymentPostprocessing = 0;
		};
/* End PBXResourcesBuildPhase section */

/* Begin PBXSourcesBuildPhase section */
		AA0000010000000000000901 /* Sources */ = {
			isa = PBXSourcesBuildPhase;
			buildActionMask = 2147483647;
			files = (
				AA000001000000000000001A /* iOSCleanupApp.swift in Sources */,
				AA000001000000000000002A /* ContentView.swift in Sources */,
				AA000001000000000000003A /* PhotoGroup.swift in Sources */,
				AA000001000000000000005A /* LargeFile.swift in Sources */,
				AA000001000000000000008A /* PhotoScanEngine.swift in Sources */,
				AA00000100000000000000AA /* FileScanEngine.swift in Sources */,
				AA000002000000000000001A /* PurchaseManager.swift in Sources */,
				USRDCS000000000000001A /* UserDecisionStore.swift in Sources */,
				BBCONFIG00000000000000001A /* AppConfig.swift in Sources */,
				AA000003000000000000001A /* OnboardingView.swift in Sources */,
				AA000004000000000000001A /* HomeView.swift in Sources */,
				AA000004000000000000002A /* HomeViewModel.swift in Sources */,
				AA000005000000000000001A /* PaywallView.swift in Sources */,
				CCSET0000000000000001A /* SettingsView.swift in Sources */,
				AA000006000000000000001A /* PhotoResultsView.swift in Sources */,
				AA000006000000000000002A /* PhotoGroupDetailView.swift in Sources */,
				GRVIEW0000000000000001A /* GroupReviewView.swift in Sources */,
				GRVIEW0000000000000002A /* GroupReviewViewModel.swift in Sources */,
				AA000008000000000000001A /* BlurResultsView.swift in Sources */,
				CC00001000000000000000AA /* RecentlyDeletedView.swift in Sources */,
				AA000009000000000000001A /* VideoCompressionEngine.swift in Sources */,
				AA00000E000000000000001A /* DuplicateHashEngine.swift in Sources */,
				AA00000E000000000000002A /* SimilarityEngine.swift in Sources */,
				AA00000E000000000000003A /* BlurScanEngine.swift in Sources */,
				AA01TAG0000000000000001A /* ScreenshotTagEngine.swift in Sources */,
				BBSCREEN000000000000001A /* ScreenshotScanEngine.swift in Sources */,
				BBSCREEN000000000000002A /* ScreenshotsResultsView.swift in Sources */,
				BBSWIPE000000000000001A /* ScreenshotSwipeView.swift in Sources */,
				CCLPI0000000000000001A /* LargePhotoItem.swift in Sources */,
				CCLPE0000000000000001A /* LargePhotoScanEngine.swift in Sources */,
				CCLPV0000000000000001A /* LargePhotosResultsView.swift in Sources */,
				METARV000000000000001A /* MetadataResultsView.swift in Sources */,
				SEMGRP000000000000001A /* SemanticGroup.swift in Sources */,
				SEMENG000000000000001A /* SemanticScanEngine.swift in Sources */,
				SEMRSV000000000000001A /* SemanticResultsView.swift in Sources */,
				AA00000A000000000000001A /* FileResultsView.swift in Sources */,
				AA00000A000000000000002A /* VideoCompressionView.swift in Sources */,
				AA00000B000000000000001A /* EmptyStateView.swift in Sources */,
				AA00000C000000000000001A /* Font+PhotoDuck.swift in Sources */,
				AA00000F000000000000001A /* ImageLoader.swift in Sources */,
				AA00000F000000000000002A /* ThreadSafeCounter.swift in Sources */,
				AA00000F000000000000003A /* ProgressThrottle.swift in Sources */,
				AA00000C000000000000003A /* DuckComponents.swift in Sources */,
				AA02TSS000000000000001A /* TrashSummarySheet.swift in Sources */,
				PQANAL000000000000001A /* PhotoQualityAnalyzer.swift in Sources */,
				VIDGRP000000000000001A /* VideoGroup.swift in Sources */,
				VIDENG000000000000001A /* VideoDuplicateEngine.swift in Sources */,
				VIDGRV000000000000001A /* VideoGroupResultsView.swift in Sources */,
				AB01SMRT000000000000001A /* SmartPicksResultsView.swift in Sources */,
				AC0100000000000000001A /* BackgroundScanScheduler.swift in Sources */,
				AC0200000000000000001A /* BackgroundScanCacheWriter.swift in Sources */,
				MLUPD000000000000001A /* MLModelUpdater.swift in Sources */,
				EVENG0000000000000001A /* EventRollScanEngine.swift in Sources */,
				EVROLL000000000000001A /* EventRoll.swift in Sources */,
				EVRSV0000000000000001A /* EventRollResultsView.swift in Sources */,
				CTENG0000000000000001A /* ContactScanEngine.swift in Sources */,
				CTMTC0000000000000001A /* ContactMatch.swift in Sources */,
				CTNMM0000000000000001A /* NameMatcher.swift in Sources */,
				CTPHN0000000000000001A /* PhoneNormalizer.swift in Sources */,
				CTRSV0000000000000001A /* ContactResultsView.swift in Sources */,
				CTMPV0000000000000001A /* ContactMergePreviewView.swift in Sources */,
			);
			runOnlyForDeploymentPostprocessing = 0;
		};
		AA0000010000000000000902 /* Sources */ = {
			isa = PBXSourcesBuildPhase;
			buildActionMask = 2147483647;
			files = (
				AA00000100000000000000EA /* PhotoScanEngineTests.swift in Sources */,
				AA0000010000000000000100 /* FileScanEngineTests.swift in Sources */,
				AA000009000000000000002A /* VideoCompressionEngineTests.swift in Sources */,
			);
			runOnlyForDeploymentPostprocessing = 0;
		};
/* End PBXSourcesBuildPhase section */

/* Begin PBXTargetDependency section */
		AA0000010000000000000B01 /* PBXTargetDependency */ = {
			isa = PBXTargetDependency;
			target = AA0000010000000000000701 /* iOSCleanup */;
			targetProxy = AA0000010000000000000B02 /* PBXContainerItemProxy */;
		};
/* End PBXTargetDependency section */

/* Begin XCBuildConfiguration section */
		AA0000010000000000000D01 /* Debug */ = {
			isa = XCBuildConfiguration;
			buildSettings = {
				ALWAYS_SEARCH_USER_PATHS = NO;
				ASSETCATALOG_COMPILER_GENERATE_SWIFT_ASSET_SYMBOL_EXTENSIONS = YES;
				CLANG_ANALYZER_NONNULL = YES;
				CLANG_ANALYZER_NUMBER_OBJECT_CONVERSION = YES_AGGRESSIVE;
				CLANG_CXX_LANGUAGE_STANDARD = "gnu++20";
				CLANG_ENABLE_MODULES = YES;
				CLANG_ENABLE_OBJC_ARC = YES;
				CLANG_ENABLE_OBJC_WEAK = YES;
				CLANG_WARN_BLOCK_CAPTURE_AUTORELEASING = YES;
				CLANG_WARN_BOOL_CONVERSION = YES;
				CLANG_WARN_COMMA = YES;
				CLANG_WARN_CONSTANT_CONVERSION = YES;
				CLANG_WARN_DEPRECATED_OBJC_IMPLEMENTATIONS = YES;
				CLANG_WARN_DIRECT_OBJC_ISA_USAGE = YES_ERROR;
				CLANG_WARN_DOCUMENTATION_COMMENTS = YES;
				CLANG_WARN_EMPTY_BODY = YES;
				CLANG_WARN_ENUM_CONVERSION = YES;
				CLANG_WARN_INFINITE_RECURSION = YES;
				CLANG_WARN_INT_CONVERSION = YES;
				CLANG_WARN_NON_LITERAL_NULL_CONVERSION = YES;
				CLANG_WARN_OBJC_IMPLICIT_RETAIN_SELF = YES;
				CLANG_WARN_OBJC_LITERAL_CONVERSION = YES;
				CLANG_WARN_OBJC_ROOT_CLASS = YES_ERROR;
				CLANG_WARN_QUOTED_INCLUDE_IN_FRAMEWORK_HEADER = YES;
				CLANG_WARN_RANGE_LOOP_ANALYSIS = YES;
				CLANG_WARN_STRICT_PROTOTYPES = YES;
				CLANG_WARN_SUSPICIOUS_MOVE = YES;
				CLANG_WARN_UNGUARDED_AVAILABILITY = YES_AGGRESSIVE;
				CLANG_WARN_UNREACHABLE_CODE = YES;
				CLANG_WARN__DUPLICATE_METHOD_MATCH = YES;
				COPY_PHASE_STRIP = NO;
				DEBUG_INFORMATION_FORMAT = dwarf;
				ENABLE_STRICT_OBJC_MSGSEND = YES;
				ENABLE_TESTABILITY = YES;
				ENABLE_USER_SCRIPT_SANDBOXING = YES;
				GCC_C_LANGUAGE_STANDARD = gnu17;
				GCC_DYNAMIC_NO_PIC = NO;
				GCC_NO_COMMON_BLOCKS = YES;
				GCC_OPTIMIZATION_LEVEL = 0;
				GCC_PREPROCESSOR_DEFINITIONS = (
					"DEBUG=1",
					"$(inherited)",
				);
				GCC_WARN_64_TO_32_BIT_CONVERSION = YES;
				GCC_WARN_ABOUT_RETURN_TYPE = YES_ERROR;
				GCC_WARN_UNDECLARED_SELECTOR = YES;
				GCC_WARN_UNINITIALIZED_AUTOS = YES_AGGRESSIVE;
				GCC_WARN_UNUSED_FUNCTION = YES;
				GCC_WARN_UNUSED_VARIABLE = YES;
				IPHONEOS_DEPLOYMENT_TARGET = 16.0;
				MTL_ENABLE_DEBUG_INFO = INCLUDE_SOURCE;
				MTL_FAST_MATH = YES;
				ONLY_ACTIVE_ARCH = YES;
				SDKROOT = iphoneos;
				SWIFT_ACTIVE_COMPILATION_CONDITIONS = DEBUG;
				SWIFT_OPTIMIZATION_LEVEL = "-Onone";
				SWIFT_STRICT_CONCURRENCY = complete;
			};
			name = Debug;
		};
		AA0000010000000000000D02 /* Release */ = {
			isa = XCBuildConfiguration;
			buildSettings = {
				ALWAYS_SEARCH_USER_PATHS = NO;
				ASSETCATALOG_COMPILER_GENERATE_SWIFT_ASSET_SYMBOL_EXTENSIONS = YES;
				CLANG_ANALYZER_NONNULL = YES;
				CLANG_ANALYZER_NUMBER_OBJECT_CONVERSION = YES_AGGRESSIVE;
				CLANG_CXX_LANGUAGE_STANDARD = "gnu++20";
				CLANG_ENABLE_MODULES = YES;
				CLANG_ENABLE_OBJC_ARC = YES;
				CLANG_ENABLE_OBJC_WEAK = YES;
				CLANG_WARN_BLOCK_CAPTURE_AUTORELEASING = YES;
				CLANG_WARN_BOOL_CONVERSION = YES;
				CLANG_WARN_COMMA = YES;
				CLANG_WARN_CONSTANT_CONVERSION = YES;
				CLANG_WARN_DEPRECATED_OBJC_IMPLEMENTATIONS = YES;
				CLANG_WARN_DIRECT_OBJC_ISA_USAGE = YES_ERROR;
				CLANG_WARN_DOCUMENTATION_COMMENTS = YES;
				CLANG_WARN_EMPTY_BODY = YES;
				CLANG_WARN_ENUM_CONVERSION = YES;
				CLANG_WARN_INFINITE_RECURSION = YES;
				CLANG_WARN_INT_CONVERSION = YES;
				CLANG_WARN_NON_LITERAL_NULL_CONVERSION = YES;
				CLANG_WARN_OBJC_IMPLICIT_RETAIN_SELF = YES;
				CLANG_WARN_OBJC_LITERAL_CONVERSION = YES;
				CLANG_WARN_OBJC_ROOT_CLASS = YES_ERROR;
				CLANG_WARN_QUOTED_INCLUDE_IN_FRAMEWORK_HEADER = YES;
				CLANG_WARN_RANGE_LOOP_ANALYSIS = YES;
				CLANG_WARN_STRICT_PROTOTYPES = YES;
				CLANG_WARN_SUSPICIOUS_MOVE = YES;
				CLANG_WARN_UNGUARDED_AVAILABILITY = YES_AGGRESSIVE;
				CLANG_WARN_UNREACHABLE_CODE = YES;
				CLANG_WARN__DUPLICATE_METHOD_MATCH = YES;
				COPY_PHASE_STRIP = NO;
				DEBUG_INFORMATION_FORMAT = "dwarf-with-dsym";
				ENABLE_NS_ASSERTIONS = NO;
				ENABLE_STRICT_OBJC_MSGSEND = YES;
				ENABLE_USER_SCRIPT_SANDBOXING = YES;
				GCC_C_LANGUAGE_STANDARD = gnu17;
				GCC_NO_COMMON_BLOCKS = YES;
				GCC_WARN_64_TO_32_BIT_CONVERSION = YES;
				GCC_WARN_ABOUT_RETURN_TYPE = YES_ERROR;
				GCC_WARN_UNDECLARED_SELECTOR = YES;
				GCC_WARN_UNINITIALIZED_AUTOS = YES_AGGRESSIVE;
				GCC_WARN_UNUSED_FUNCTION = YES;
				GCC_WARN_UNUSED_VARIABLE = YES;
				IPHONEOS_DEPLOYMENT_TARGET = 16.0;
				MTL_FAST_MATH = YES;
				SDKROOT = iphoneos;
				SWIFT_COMPILATION_MODE = wholemodule;
				SWIFT_OPTIMIZATION_LEVEL = "-O";
				SWIFT_STRICT_CONCURRENCY = complete;
				VALIDATE_PRODUCT = YES;
			};
			name = Release;
		};
		AA0000010000000000000D03 /* Debug */ = {
			isa = XCBuildConfiguration;
			buildSettings = {
				ASSETCATALOG_COMPILER_APPICON_NAME = AppIcon;
				ASSETCATALOG_COMPILER_GLOBAL_ACCENT_COLOR_NAME = AccentColor;
				CODE_SIGN_STYLE = Automatic;
				CURRENT_PROJECT_VERSION = 1;
				DEVELOPMENT_ASSET_PATHS = "";
				DEVELOPMENT_TEAM = JTNQE5NB5K;
				GENERATE_INFOPLIST_FILE = NO;
				INFOPLIST_FILE = iOSCleanup/Info.plist;
				IPHONEOS_DEPLOYMENT_TARGET = 16.0;
				MARKETING_VERSION = 1.0;
				PRODUCT_BUNDLE_IDENTIFIER = com.justinwong.iOSCleanup;
				PRODUCT_NAME = "$(TARGET_NAME)";
				SWIFT_EMIT_LOC_STRINGS = YES;
				SWIFT_VERSION = 5.0;
				TARGETED_DEVICE_FAMILY = "1,2";
			};
			name = Debug;
		};
		AA0000010000000000000D04 /* Release */ = {
			isa = XCBuildConfiguration;
			buildSettings = {
				ASSETCATALOG_COMPILER_APPICON_NAME = AppIcon;
				ASSETCATALOG_COMPILER_GLOBAL_ACCENT_COLOR_NAME = AccentColor;
				CODE_SIGN_STYLE = Automatic;
				CURRENT_PROJECT_VERSION = 1;
				DEVELOPMENT_ASSET_PATHS = "";
				DEVELOPMENT_TEAM = JTNQE5NB5K;
				GENERATE_INFOPLIST_FILE = NO;
				INFOPLIST_FILE = iOSCleanup/Info.plist;
				IPHONEOS_DEPLOYMENT_TARGET = 16.0;
				MARKETING_VERSION = 1.0;
				PRODUCT_BUNDLE_IDENTIFIER = com.justinwong.iOSCleanup;
				PRODUCT_NAME = "$(TARGET_NAME)";
				SWIFT_EMIT_LOC_STRINGS = YES;
				SWIFT_VERSION = 5.0;
				TARGETED_DEVICE_FAMILY = "1,2";
			};
			name = Release;
		};
		AA0000010000000000000D05 /* Debug */ = {
			isa = XCBuildConfiguration;
			buildSettings = {
				BUNDLE_LOADER = "$(TEST_HOST)";
				CODE_SIGN_STYLE = Automatic;
				CURRENT_PROJECT_VERSION = 1;
				GENERATE_INFOPLIST_FILE = YES;
				IPHONEOS_DEPLOYMENT_TARGET = 16.0;
				MARKETING_VERSION = 1.0;
				PRODUCT_BUNDLE_IDENTIFIER = com.yourname.iOSCleanupTests;
				PRODUCT_NAME = "$(TARGET_NAME)";
				SWIFT_VERSION = 5.0;
				TARGETED_DEVICE_FAMILY = "1,2";
				TEST_HOST = "$(BUILT_PRODUCTS_DIR)/iOSCleanup.app/$(BUNDLE_EXECUTABLE_FOLDER_PATH)/iOSCleanup";
			};
			name = Debug;
		};
		AA0000010000000000000D06 /* Release */ = {
			isa = XCBuildConfiguration;
			buildSettings = {
				BUNDLE_LOADER = "$(TEST_HOST)";
				CODE_SIGN_STYLE = Automatic;
				CURRENT_PROJECT_VERSION = 1;
				GENERATE_INFOPLIST_FILE = YES;
				IPHONEOS_DEPLOYMENT_TARGET = 16.0;
				MARKETING_VERSION = 1.0;
				PRODUCT_BUNDLE_IDENTIFIER = com.yourname.iOSCleanupTests;
				PRODUCT_NAME = "$(TARGET_NAME)";
				SWIFT_VERSION = 5.0;
				TARGETED_DEVICE_FAMILY = "1,2";
				TEST_HOST = "$(BUILT_PRODUCTS_DIR)/iOSCleanup.app/$(BUNDLE_EXECUTABLE_FOLDER_PATH)/iOSCleanup";
			};
			name = Release;
		};
/* End XCBuildConfiguration section */

/* Begin XCConfigurationList section */
		AA0000010000000000000801 /* Build configuration list for PBXNativeTarget "iOSCleanup" */ = {
			isa = XCConfigurationList;
			buildConfigurations = (
				AA0000010000000000000D03 /* Debug */,
				AA0000010000000000000D04 /* Release */,
			);
			defaultConfigurationIsVisible = 0;
			defaultConfigurationName = Release;
		};
		AA0000010000000000000802 /* Build configuration list for PBXNativeTarget "iOSCleanupTests" */ = {
			isa = XCConfigurationList;
			buildConfigurations = (
				AA0000010000000000000D05 /* Debug */,
				AA0000010000000000000D06 /* Release */,
			);
			defaultConfigurationIsVisible = 0;
			defaultConfigurationName = Release;
		};
		AA0000010000000000000803 /* Build configuration list for PBXProject "iOSCleanup" */ = {
			isa = XCConfigurationList;
			buildConfigurations = (
				AA0000010000000000000D01 /* Debug */,
				AA0000010000000000000D02 /* Release */,
			);
			defaultConfigurationIsVisible = 0;
			defaultConfigurationName = Release;
		};
/* End XCConfigurationList section */
	};
	rootObject = AA0000010000000000000C01 /* Project object */;
}
